
Microsoft Visual Studio Solution File, Format Version 12.00
# Visual Studio 15
VisualStudioVersion = 15.0.26730.16
MinimumVisualStudioVersion = 10.0.40219.1
Project("{FAE04EC0-301F-11D3-BF4B-00C04F79EFBC}") = "PrintThePattern", "PrintThePattern\PrintThePattern.csproj", "{5708031C-13C2-47D6-8E9C-33721D3683A5}"
EndProject
Global
	GlobalSection(SolutionConfigurationPlatforms) = preSolution
		Debug|Any CPU = Debug|Any CPU
		Release|Any CPU = Release|Any CPU
	EndGlobalSection
	GlobalSection(ProjectConfigurationPlatforms) = postSolution
		{5708031C-13C2-47D6-8E9C-33721D3683A5}.Debug|Any CPU.ActiveCfg = Debug|Any CPU
		{5708031C-13C2-47D6-8E9C-33721D3683A5}.Debug|Any CPU.Build.0 = Debug|Any CPU
		{5708031C-13C2-47D6-8E9C-33721D3683A5}.Release|Any CPU.ActiveCfg = Release|Any CPU
		{5708031C-13C2-47D6-8E9C-33721D3683A5}.Release|Any CPU.Build.0 = Release|Any CPU
	EndGlobalSection
	GlobalSection(SolutionProperties) = preSolution
		HideSolutionNode = FALSE
	EndGlobalSection
	GlobalSection(ExtensibilityGlobals) = postSolution
		SolutionGuid = {E90A28D9-7733-4DA1-AEDD-5C5016022B24}
	EndGlobalSection
EndGlobal
